
Microsoft Visual Studio Solution File, Format Version 12.00
# Visual Studio 15
VisualStudioVersion = 15.0.27703.2047
MinimumVisualStudioVersion = 10.0.40219.1
Project("{9A19103F-16F7-4668-BE54-9A1E7A4F7556}") = "VchAPI", "VchAPI\VchAPI.csproj", "{52132BEB-CA56-4A99-9C1B-6749C2792910}"
EndProject
Project("{9A19103F-16F7-4668-BE54-9A1E7A4F7556}") = "NTPTools", "NTPTools\NTPTools.csproj", "{98DEF9BC-585E-4B4D-A20B-7DFE54E23059}"
EndProject
Project("{9A19103F-16F7-4668-BE54-9A1E7A4F7556}") = "VchUtils", "VchClient\VchUtils.csproj", "{E13A9DFF-9745-4008-96D8-F3F618B3C76D}"
EndProject
Project("{9A19103F-16F7-4668-BE54-9A1E7A4F7556}") = "Vch.Core", "Vch.Core\Vch.Core.csproj", "{49212EB6-D23F-4BCA-BA92-2FA4E9540C90}"
EndProject
Project("{9A19103F-16F7-4668-BE54-9A1E7A4F7556}") = "Vch.Checker", "Vch.Checker\Vch.Checker.csproj", "{E478D60B-4C19-4B0A-B7F7-39D2DE532521}"
EndProject
Project("{9A19103F-16F7-4668-BE54-9A1E7A4F7556}") = "NTPProxy", "UdpProxy\NTPProxy.csproj", "{AFD0FAF4-E6CF-4309-86D6-82127500FD7D}"
EndProject
Project("{FAE04EC0-301F-11D3-BF4B-00C04F79EFBC}") = "Exploit", "Exploit\Exploit.csproj", "{C32EB51A-311C-40F8-8257-938C71E8B96F}"
EndProject
Global
	GlobalSection(SolutionConfigurationPlatforms) = preSolution
		Debug|Any CPU = Debug|Any CPU
		Release|Any CPU = Release|Any CPU
	EndGlobalSection
	GlobalSection(ProjectConfigurationPlatforms) = postSolution
		{52132BEB-CA56-4A99-9C1B-6749C2792910}.Debug|Any CPU.ActiveCfg = Debug|Any CPU
		{52132BEB-CA56-4A99-9C1B-6749C2792910}.Debug|Any CPU.Build.0 = Debug|Any CPU
		{52132BEB-CA56-4A99-9C1B-6749C2792910}.Release|Any CPU.ActiveCfg = Release|Any CPU
		{52132BEB-CA56-4A99-9C1B-6749C2792910}.Release|Any CPU.Build.0 = Release|Any CPU
		{98DEF9BC-585E-4B4D-A20B-7DFE54E23059}.Debug|Any CPU.ActiveCfg = Debug|Any CPU
		{98DEF9BC-585E-4B4D-A20B-7DFE54E23059}.Debug|Any CPU.Build.0 = Debug|Any CPU
		{98DEF9BC-585E-4B4D-A20B-7DFE54E23059}.Release|Any CPU.ActiveCfg = Release|Any CPU
		{98DEF9BC-585E-4B4D-A20B-7DFE54E23059}.Release|Any CPU.Build.0 = Release|Any CPU
		{E13A9DFF-9745-4008-96D8-F3F618B3C76D}.Debug|Any CPU.ActiveCfg = Debug|Any CPU
		{E13A9DFF-9745-4008-96D8-F3F618B3C76D}.Debug|Any CPU.Build.0 = Debug|Any CPU
		{E13A9DFF-9745-4008-96D8-F3F618B3C76D}.Release|Any CPU.ActiveCfg = Release|Any CPU
		{E13A9DFF-9745-4008-96D8-F3F618B3C76D}.Release|Any CPU.Build.0 = Release|Any CPU
		{49212EB6-D23F-4BCA-BA92-2FA4E9540C90}.Debug|Any CPU.ActiveCfg = Debug|Any CPU
		{49212EB6-D23F-4BCA-BA92-2FA4E9540C90}.Debug|Any CPU.Build.0 = Debug|Any CPU
		{49212EB6-D23F-4BCA-BA92-2FA4E9540C90}.Release|Any CPU.ActiveCfg = Release|Any CPU
		{49212EB6-D23F-4BCA-BA92-2FA4E9540C90}.Release|Any CPU.Build.0 = Release|Any CPU
		{E478D60B-4C19-4B0A-B7F7-39D2DE532521}.Debug|Any CPU.ActiveCfg = Debug|Any CPU
		{E478D60B-4C19-4B0A-B7F7-39D2DE532521}.Debug|Any CPU.Build.0 = Debug|Any CPU
		{E478D60B-4C19-4B0A-B7F7-39D2DE532521}.Release|Any CPU.ActiveCfg = Release|Any CPU
		{E478D60B-4C19-4B0A-B7F7-39D2DE532521}.Release|Any CPU.Build.0 = Release|Any CPU
		{AFD0FAF4-E6CF-4309-86D6-82127500FD7D}.Debug|Any CPU.ActiveCfg = Debug|Any CPU
		{AFD0FAF4-E6CF-4309-86D6-82127500FD7D}.Debug|Any CPU.Build.0 = Debug|Any CPU
		{AFD0FAF4-E6CF-4309-86D6-82127500FD7D}.Release|Any CPU.ActiveCfg = Release|Any CPU
		{AFD0FAF4-E6CF-4309-86D6-82127500FD7D}.Release|Any CPU.Build.0 = Release|Any CPU
		{C32EB51A-311C-40F8-8257-938C71E8B96F}.Debug|Any CPU.ActiveCfg = Debug|Any CPU
		{C32EB51A-311C-40F8-8257-938C71E8B96F}.Debug|Any CPU.Build.0 = Debug|Any CPU
		{C32EB51A-311C-40F8-8257-938C71E8B96F}.Release|Any CPU.ActiveCfg = Release|Any CPU
		{C32EB51A-311C-40F8-8257-938C71E8B96F}.Release|Any CPU.Build.0 = Release|Any CPU
	EndGlobalSection
	GlobalSection(SolutionProperties) = preSolution
		HideSolutionNode = FALSE
	EndGlobalSection
	GlobalSection(ExtensibilityGlobals) = postSolution
		SolutionGuid = {6D85D9EC-43FB-489D-A4D2-1D2CE804E8BF}
	EndGlobalSection
EndGlobal
