
Microsoft Visual Studio Solution File, Format Version 12.00
# Visual Studio 15
VisualStudioVersion = 15.0.27703.2047
MinimumVisualStudioVersion = 10.0.40219.1
Project("{9A19103F-16F7-4668-BE54-9A1E7A4F7556}") = "VchAPI", "VchAPI\VchAPI.csproj", "{52132BEB-CA56-4A99-9C1B-6749C2792910}"
EndProject
Project("{9A19103F-16F7-4668-BE54-9A1E7A4F7556}") = "NTPTools", "NTPTools\NTPTools.csproj", "{98DEF9BC-585E-4B4D-A20B-7DFE54E23059}"
EndProject
Project("{9A19103F-16F7-4668-BE54-9A1E7A4F7556}") = "Vch.Core", "Vch.Core\Vch.Core.csproj", "{49212EB6-D23F-4BCA-BA92-2FA4E9540C90}"
EndProject
Global
	GlobalSection(SolutionConfigurationPlatforms) = preSolution
		Debug|Any CPU = Debug|Any CPU
		Release|Any CPU = Release|Any CPU
	EndGlobalSection
	GlobalSection(ProjectConfigurationPlatforms) = postSolution
		{52132BEB-CA56-4A99-9C1B-6749C2792910}.Debug|Any CPU.ActiveCfg = Debug|Any CPU
		{52132BEB-CA56-4A99-9C1B-6749C2792910}.Debug|Any CPU.Build.0 = Debug|Any CPU
		{52132BEB-CA56-4A99-9C1B-6749C2792910}.Release|Any CPU.ActiveCfg = Release|Any CPU
		{52132BEB-CA56-4A99-9C1B-6749C2792910}.Release|Any CPU.Build.0 = Release|Any CPU
		{98DEF9BC-585E-4B4D-A20B-7DFE54E23059}.Debug|Any CPU.ActiveCfg = Debug|Any CPU
		{98DEF9BC-585E-4B4D-A20B-7DFE54E23059}.Debug|Any CPU.Build.0 = Debug|Any CPU
		{98DEF9BC-585E-4B4D-A20B-7DFE54E23059}.Release|Any CPU.ActiveCfg = Release|Any CPU
		{98DEF9BC-585E-4B4D-A20B-7DFE54E23059}.Release|Any CPU.Build.0 = Release|Any CPU
		{49212EB6-D23F-4BCA-BA92-2FA4E9540C90}.Debug|Any CPU.ActiveCfg = Debug|Any CPU
		{49212EB6-D23F-4BCA-BA92-2FA4E9540C90}.Debug|Any CPU.Build.0 = Debug|Any CPU
		{49212EB6-D23F-4BCA-BA92-2FA4E9540C90}.Release|Any CPU.ActiveCfg = Release|Any CPU
		{49212EB6-D23F-4BCA-BA92-2FA4E9540C90}.Release|Any CPU.Build.0 = Release|Any CPU
	EndGlobalSection
	GlobalSection(SolutionProperties) = preSolution
		HideSolutionNode = FALSE
	EndGlobalSection
	GlobalSection(ExtensibilityGlobals) = postSolution
		SolutionGuid = {6D85D9EC-43FB-489D-A4D2-1D2CE804E8BF}
	EndGlobalSection
EndGlobal
